
Microsoft Visual Studio Solution File, Format Version 12.00
# Visual Studio Version 17
VisualStudioVersion = 17.9.34728.123
MinimumVisualStudioVersion = 10.0.40219.1
Project("{FAE04EC0-301F-11D3-BF4B-00C04F79EFBC}") = "apis11od", "apis11od.csproj", "{4178D03D-39EB-41F6-9168-C897900BB888}"
EndProject
Global
	GlobalSection(SolutionConfigurationPlatforms) = preSolution
		Debug|Any CPU = Debug|Any CPU
		Release|Any CPU = Release|Any CPU
	EndGlobalSection
	GlobalSection(ProjectConfigurationPlatforms) = postSolution
		{4178D03D-39EB-41F6-9168-C897900BB888}.Debug|Any CPU.ActiveCfg = Debug|Any CPU
		{4178D03D-39EB-41F6-9168-C897900BB888}.Debug|Any CPU.Build.0 = Debug|Any CPU
		{4178D03D-39EB-41F6-9168-C897900BB888}.Release|Any CPU.ActiveCfg = Release|Any CPU
		{4178D03D-39EB-41F6-9168-C897900BB888}.Release|Any CPU.Build.0 = Release|Any CPU
	EndGlobalSection
	GlobalSection(SolutionProperties) = preSolution
		HideSolutionNode = FALSE
	EndGlobalSection
	GlobalSection(ExtensibilityGlobals) = postSolution
		SolutionGuid = {8B57E777-EE66-486C-8ACD-C82A0564C1CD}
	EndGlobalSection
EndGlobal
